
Microsoft Visual Studio Solution File, Format Version 12.00
# Visual Studio Version 16
VisualStudioVersion = 16.0.31410.357
MinimumVisualStudioVersion = 10.0.40219.1
Project("{FAE04EC0-301F-11D3-BF4B-00C04F79EFBC}") = "TemplateMOTDPlugin", "src\TemplateMOTDPlugin\TemplateMOTDPlugin.csproj", "{30E409E0-C7FE-4A6B-8800-282C6467A9C9}"
EndProject
Global
	GlobalSection(SolutionConfigurationPlatforms) = preSolution
		Debug|x86 = Debug|x86
		Release|x86 = Release|x86
	EndGlobalSection
	GlobalSection(ProjectConfigurationPlatforms) = postSolution
		{30E409E0-C7FE-4A6B-8800-282C6467A9C9}.Debug|x86.ActiveCfg = Debug|x86
		{30E409E0-C7FE-4A6B-8800-282C6467A9C9}.Debug|x86.Build.0 = Debug|x86
		{30E409E0-C7FE-4A6B-8800-282C6467A9C9}.Release|x86.ActiveCfg = Release|x86
		{30E409E0-C7FE-4A6B-8800-282C6467A9C9}.Release|x86.Build.0 = Release|x86
	EndGlobalSection
	GlobalSection(SolutionProperties) = preSolution
		HideSolutionNode = FALSE
	EndGlobalSection
	GlobalSection(ExtensibilityGlobals) = postSolution
		SolutionGuid = {5E294729-35BE-4B80-8C5C-FE987B40BC5F}
	EndGlobalSection
EndGlobal
